// !$*UTF8*$!
{
	archiveVersion = 1;
	classes = {
	};
	objectVersion = 46;
	objects = {

/* Begin PBXBuildFile section */
		05F09DA9AC03A8496CB9B6DE /* Pods_West2ex.framework in Frameworks */ = {isa = PBXBuildFile; fileRef = 3070DFAFC1AF3035D44BB780 /* Pods_West2ex.framework */; };
		A10D91461E30EBBF0002FC93 /* RefreshView.swift in Sources */ = {isa = PBXBuildFile; fileRef = A10D91451E30EBBF0002FC93 /* RefreshView.swift */; };
		A173786F1DF6F02400A9F386 /* Main.storyboard in Resources */ = {isa = PBXBuildFile; fileRef = A173786D1DF6F02400A9F386 /* Main.storyboard */; };
		A17378711DF6F02400A9F386 /* Assets.xcassets in Resources */ = {isa = PBXBuildFile; fileRef = A17378701DF6F02400A9F386 /* Assets.xcassets */; };
		A17378741DF6F02400A9F386 /* LaunchScreen.storyboard in Resources */ = {isa = PBXBuildFile; fileRef = A17378721DF6F02400A9F386 /* LaunchScreen.storyboard */; };
		A17378821DF6F0E600A9F386 /* V2netTool.swift in Sources */ = {isa = PBXBuildFile; fileRef = A17378811DF6F0E600A9F386 /* V2netTool.swift */; };
		A17378841DF6F11D00A9F386 /* Topic.swift in Sources */ = {isa = PBXBuildFile; fileRef = A17378831DF6F11D00A9F386 /* Topic.swift */; };
		A17378861DF6F13000A9F386 /* Node.swift in Sources */ = {isa = PBXBuildFile; fileRef = A17378851DF6F13000A9F386 /* Node.swift */; };
		A17378881DF6F13F00A9F386 /* Member.swift in Sources */ = {isa = PBXBuildFile; fileRef = A17378871DF6F13F00A9F386 /* Member.swift */; };
		A173788A1DF6F22400A9F386 /* AppDelegate.swift in Sources */ = {isa = PBXBuildFile; fileRef = A17378891DF6F22400A9F386 /* AppDelegate.swift */; };
		A184345A1E2E64FF00770829 /* HotTableViewController.swift in Sources */ = {isa = PBXBuildFile; fileRef = A18434591E2E64FF00770829 /* HotTableViewController.swift */; };
		A1BB2C361E473D7F00CEBF0B /* DateTransform.swift in Sources */ = {isa = PBXBuildFile; fileRef = A1BB2C351E473D7F00CEBF0B /* DateTransform.swift */; };
		A1CF1C551E3397630056D8AF /* LatestTableViewController.swift in Sources */ = {isa = PBXBuildFile; fileRef = A1CF1C541E3397630056D8AF /* LatestTableViewController.swift */; };
		BE5D33AE1DF82E2700671210 /* V2Collection.swift in Sources */ = {isa = PBXBuildFile; fileRef = BE5D33AD1DF82E2700671210 /* V2Collection.swift */; };
/* End PBXBuildFile section */

/* Begin PBXFileReference section */
		3070DFAFC1AF3035D44BB780 /* Pods_West2ex.framework */ = {isa = PBXFileReference; explicitFileType = wrapper.framework; includeInIndex = 0; path = Pods_West2ex.framework; sourceTree = BUILT_PRODUCTS_DIR; };
		85A412F3AF4F3AA550246085 /* Pods-West2ex.debug.xcconfig */ = {isa = PBXFileReference; includeInIndex = 1; lastKnownFileType = text.xcconfig; name = "Pods-West2ex.debug.xcconfig"; path = "Pods/Target Support Files/Pods-West2ex/Pods-West2ex.debug.xcconfig"; sourceTree = "<group>"; };
		A10D91451E30EBBF0002FC93 /* RefreshView.swift */ = {isa = PBXFileReference; fileEncoding = 4; lastKnownFileType = sourcecode.swift; name = RefreshView.swift; path = Hot/RefreshView.swift; sourceTree = "<group>"; };
		A17378661DF6F02400A9F386 /* West2ex.app */ = {isa = PBXFileReference; explicitFileType = wrapper.application; includeInIndex = 0; path = West2ex.app; sourceTree = BUILT_PRODUCTS_DIR; };
		A173786E1DF6F02400A9F386 /* Base */ = {isa = PBXFileReference; lastKnownFileType = file.storyboard; name = Base; path = Base.lproj/Main.storyboard; sourceTree = "<group>"; };
		A17378701DF6F02400A9F386 /* Assets.xcassets */ = {isa = PBXFileReference; lastKnownFileType = folder.assetcatalog; path = Assets.xcassets; sourceTree = "<group>"; };
		A17378731DF6F02400A9F386 /* Base */ = {isa = PBXFileReference; lastKnownFileType = file.storyboard; name = Base; path = Base.lproj/LaunchScreen.storyboard; sourceTree = "<group>"; };
		A17378751DF6F02400A9F386 /* Info.plist */ = {isa = PBXFileReference; lastKnownFileType = text.plist.xml; path = Info.plist; sourceTree = "<group>"; };
		A17378811DF6F0E600A9F386 /* V2netTool.swift */ = {isa = PBXFileReference; fileEncoding = 4; lastKnownFileType = sourcecode.swift; name = V2netTool.swift; path = ModelManager/V2netTool.swift; sourceTree = "<group>"; };
		A17378831DF6F11D00A9F386 /* Topic.swift */ = {isa = PBXFileReference; fileEncoding = 4; lastKnownFileType = sourcecode.swift; name = Topic.swift; path = Model/Topic.swift; sourceTree = "<group>"; };
		A17378851DF6F13000A9F386 /* Node.swift */ = {isa = PBXFileReference; fileEncoding = 4; lastKnownFileType = sourcecode.swift; name = Node.swift; path = Model/Node.swift; sourceTree = "<group>"; };
		A17378871DF6F13F00A9F386 /* Member.swift */ = {isa = PBXFileReference; fileEncoding = 4; lastKnownFileType = sourcecode.swift; name = Member.swift; path = Model/Member.swift; sourceTree = "<group>"; };
		A17378891DF6F22400A9F386 /* AppDelegate.swift */ = {isa = PBXFileReference; fileEncoding = 4; lastKnownFileType = sourcecode.swift; path = AppDelegate.swift; sourceTree = "<group>"; };
		A18434591E2E64FF00770829 /* HotTableViewController.swift */ = {isa = PBXFileReference; fileEncoding = 4; lastKnownFileType = sourcecode.swift; name = HotTableViewController.swift; path = Hot/HotTableViewController.swift; sourceTree = "<group>"; };
		A1BB2C351E473D7F00CEBF0B /* DateTransform.swift */ = {isa = PBXFileReference; fileEncoding = 4; lastKnownFileType = sourcecode.swift; name = DateTransform.swift; path = ModelManager/DateTransform.swift; sourceTree = "<group>"; };
		A1CF1C541E3397630056D8AF /* LatestTableViewController.swift */ = {isa = PBXFileReference; fileEncoding = 4; lastKnownFileType = sourcecode.swift; name = LatestTableViewController.swift; path = Latest/LatestTableViewController.swift; sourceTree = "<group>"; };
		B0BAC0E16A64065B15B450F6 /* Pods-West2ex.release.xcconfig */ = {isa = PBXFileReference; includeInIndex = 1; lastKnownFileType = text.xcconfig; name = "Pods-West2ex.release.xcconfig"; path = "Pods/Target Support Files/Pods-West2ex/Pods-West2ex.release.xcconfig"; sourceTree = "<group>"; };
		BE5D33AD1DF82E2700671210 /* V2Collection.swift */ = {isa = PBXFileReference; fileEncoding = 4; lastKnownFileType = sourcecode.swift; name = V2Collection.swift; path = Model/V2Collection.swift; sourceTree = "<group>"; };
/* End PBXFileReference section */

/* Begin PBXFrameworksBuildPhase section */
		A17378631DF6F02400A9F386 /* Frameworks */ = {
			isa = PBXFrameworksBuildPhase;
			buildActionMask = 2147483647;
			files = (
				05F09DA9AC03A8496CB9B6DE /* Pods_West2ex.framework in Frameworks */,
			);
			runOnlyForDeploymentPostprocessing = 0;
		};
/* End PBXFrameworksBuildPhase section */

/* Begin PBXGroup section */
		7E9DF954FD55869B38A4DB3C /* Frameworks */ = {
			isa = PBXGroup;
			children = (
				3070DFAFC1AF3035D44BB780 /* Pods_West2ex.framework */,
			);
			name = Frameworks;
			sourceTree = "<group>";
		};
		A173785D1DF6F02400A9F386 = {
			isa = PBXGroup;
			children = (
				A17378681DF6F02400A9F386 /* West2ex */,
				A17378671DF6F02400A9F386 /* Products */,
				D6EBE9C22C12EE7B509C266B /* Pods */,
				7E9DF954FD55869B38A4DB3C /* Frameworks */,
			);
			sourceTree = "<group>";
		};
		A17378671DF6F02400A9F386 /* Products */ = {
			isa = PBXGroup;
			children = (
				A17378661DF6F02400A9F386 /* West2ex.app */,
			);
			name = Products;
			sourceTree = "<group>";
		};
		A17378681DF6F02400A9F386 /* West2ex */ = {
			isa = PBXGroup;
			children = (
				A173787B1DF6F03400A9F386 /* Model */,
				A173787C1DF6F09C00A9F386 /* ModelManager */,
				A17378801DF6F0C400A9F386 /* Members */,
				A173787F1DF6F0BC00A9F386 /* Nodes */,
				A173787E1DF6F0B400A9F386 /* Latest */,
				A173787D1DF6F0A600A9F386 /* Hot */,
				A17378891DF6F22400A9F386 /* AppDelegate.swift */,
				A173786D1DF6F02400A9F386 /* Main.storyboard */,
				A17378701DF6F02400A9F386 /* Assets.xcassets */,
				A17378721DF6F02400A9F386 /* LaunchScreen.storyboard */,
				A17378751DF6F02400A9F386 /* Info.plist */,
			);
			path = West2ex;
			sourceTree = "<group>";
		};
		A173787B1DF6F03400A9F386 /* Model */ = {
			isa = PBXGroup;
			children = (
				A17378831DF6F11D00A9F386 /* Topic.swift */,
				A17378851DF6F13000A9F386 /* Node.swift */,
				A17378871DF6F13F00A9F386 /* Member.swift */,
				BE5D33AD1DF82E2700671210 /* V2Collection.swift */,
			);
			name = Model;
			sourceTree = "<group>";
		};
		A173787C1DF6F09C00A9F386 /* ModelManager */ = {
			isa = PBXGroup;
			children = (
				A1BB2C351E473D7F00CEBF0B /* DateTransform.swift */,
				A17378811DF6F0E600A9F386 /* V2netTool.swift */,
			);
			name = ModelManager;
			sourceTree = "<group>";
		};
		A173787D1DF6F0A600A9F386 /* Hot */ = {
			isa = PBXGroup;
			children = (
				A18434591E2E64FF00770829 /* HotTableViewController.swift */,
				A10D91451E30EBBF0002FC93 /* RefreshView.swift */,
			);
			name = Hot;
			sourceTree = "<group>";
		};
		A173787E1DF6F0B400A9F386 /* Latest */ = {
			isa = PBXGroup;
			children = (
				A1CF1C541E3397630056D8AF /* LatestTableViewController.swift */,
			);
			name = Latest;
			sourceTree = "<group>";
		};
		A173787F1DF6F0BC00A9F386 /* Nodes */ = {
			isa = PBXGroup;
			children = (
			);
			name = Nodes;
			sourceTree = "<group>";
		};
		A17378801DF6F0C400A9F386 /* Members */ = {
			isa = PBXGroup;
			children = (
			);
			name = Members;
			sourceTree = "<group>";
		};
		D6EBE9C22C12EE7B509C266B /* Pods */ = {
			isa = PBXGroup;
			children = (
				85A412F3AF4F3AA550246085 /* Pods-West2ex.debug.xcconfig */,
				B0BAC0E16A64065B15B450F6 /* Pods-West2ex.release.xcconfig */,
			);
			name = Pods;
			sourceTree = "<group>";
		};
/* End PBXGroup section */

/* Begin PBXNativeTarget section */
		A17378651DF6F02400A9F386 /* West2ex */ = {
			isa = PBXNativeTarget;
			buildConfigurationList = A17378781DF6F02400A9F386 /* Build configuration list for PBXNativeTarget "West2ex" */;
			buildPhases = (
				604C3D8F03B4880318BB6ED1 /* [CP] Check Pods Manifest.lock */,
				A17378621DF6F02400A9F386 /* Sources */,
				A17378631DF6F02400A9F386 /* Frameworks */,
				A17378641DF6F02400A9F386 /* Resources */,
				CFB670E8260730AD61CFE385 /* [CP] Embed Pods Frameworks */,
				EC1A96B7624899B2762EA64C /* [CP] Copy Pods Resources */,
			);
			buildRules = (
			);
			dependencies = (
			);
			name = West2ex;
			productName = West2ex;
			productReference = A17378661DF6F02400A9F386 /* West2ex.app */;
			productType = "com.apple.product-type.application";
		};
/* End PBXNativeTarget section */

/* Begin PBXProject section */
		A173785E1DF6F02400A9F386 /* Project object */ = {
			isa = PBXProject;
			attributes = {
				LastSwiftUpdateCheck = 0810;
				LastUpgradeCheck = 0830;
				ORGANIZATIONNAME = West2;
				TargetAttributes = {
					A17378651DF6F02400A9F386 = {
						CreatedOnToolsVersion = 8.1;
						DevelopmentTeam = P32ZD8U76E;
						ProvisioningStyle = Automatic;
					};
				};
			};
			buildConfigurationList = A17378611DF6F02400A9F386 /* Build configuration list for PBXProject "West2ex" */;
			compatibilityVersion = "Xcode 3.2";
			developmentRegion = English;
			hasScannedForEncodings = 0;
			knownRegions = (
				en,
				Base,
			);
			mainGroup = A173785D1DF6F02400A9F386;
			productRefGroup = A17378671DF6F02400A9F386 /* Products */;
			projectDirPath = "";
			projectRoot = "";
			targets = (
				A17378651DF6F02400A9F386 /* West2ex */,
			);
		};
/* End PBXProject section */

/* Begin PBXResourcesBuildPhase section */
		A17378641DF6F02400A9F386 /* Resources */ = {
			isa = PBXResourcesBuildPhase;
			buildActionMask = 2147483647;
			files = (
				A17378741DF6F02400A9F386 /* LaunchScreen.storyboard in Resources */,
				A17378711DF6F02400A9F386 /* Assets.xcassets in Resources */,
				A173786F1DF6F02400A9F386 /* Main.storyboard in Resources */,
			);
			runOnlyForDeploymentPostprocessing = 0;
		};
/* End PBXResourcesBuildPhase section */

/* Begin PBXShellScriptBuildPhase section */
		604C3D8F03B4880318BB6ED1 /* [CP] Check Pods Manifest.lock */ = {
			isa = PBXShellScriptBuildPhase;
			buildActionMask = 2147483647;
			files = (
			);
			inputPaths = (
			);
			name = "[CP] Check Pods Manifest.lock";
			outputPaths = (
			);
			runOnlyForDeploymentPostprocessing = 0;
			shellPath = /bin/sh;
			shellScript = "diff \"${PODS_ROOT}/../Podfile.lock\" \"${PODS_ROOT}/Manifest.lock\" > /dev/null\nif [ $? != 0 ] ; then\n    # print error to STDERR\n    echo \"error: The sandbox is not in sync with the Podfile.lock. Run 'pod install' or update your CocoaPods installation.\" >&2\n    exit 1\nfi\n";
			showEnvVarsInLog = 0;
		};
		CFB670E8260730AD61CFE385 /* [CP] Embed Pods Frameworks */ = {
			isa = PBXShellScriptBuildPhase;
			buildActionMask = 2147483647;
			files = (
			);
			inputPaths = (
			);
			name = "[CP] Embed Pods Frameworks";
			outputPaths = (
			);
			runOnlyForDeploymentPostprocessing = 0;
			shellPath = /bin/sh;
			shellScript = "\"${SRCROOT}/Pods/Target Support Files/Pods-West2ex/Pods-West2ex-frameworks.sh\"\n";
			showEnvVarsInLog = 0;
		};
		EC1A96B7624899B2762EA64C /* [CP] Copy Pods Resources */ = {
			isa = PBXShellScriptBuildPhase;
			buildActionMask = 2147483647;
			files = (
			);
			inputPaths = (
			);
			name = "[CP] Copy Pods Resources";
			outputPaths = (
			);
			runOnlyForDeploymentPostprocessing = 0;
			shellPath = /bin/sh;
			shellScript = "\"${SRCROOT}/Pods/Target Support Files/Pods-West2ex/Pods-West2ex-resources.sh\"\n";
			showEnvVarsInLog = 0;
		};
/* End PBXShellScriptBuildPhase section */

/* Begin PBXSourcesBuildPhase section */
		A17378621DF6F02400A9F386 /* Sources */ = {
			isa = PBXSourcesBuildPhase;
			buildActionMask = 2147483647;
			files = (
				A173788A1DF6F22400A9F386 /* AppDelegate.swift in Sources */,
				A17378821DF6F0E600A9F386 /* V2netTool.swift in Sources */,
				A17378881DF6F13F00A9F386 /* Member.swift in Sources */,
				A17378861DF6F13000A9F386 /* Node.swift in Sources */,
				A17378841DF6F11D00A9F386 /* Topic.swift in Sources */,
				A184345A1E2E64FF00770829 /* HotTableViewController.swift in Sources */,
				A1BB2C361E473D7F00CEBF0B /* DateTransform.swift in Sources */,
				A10D91461E30EBBF0002FC93 /* RefreshView.swift in Sources */,
				A1CF1C551E3397630056D8AF /* LatestTableViewController.swift in Sources */,
				BE5D33AE1DF82E2700671210 /* V2Collection.swift in Sources */,
			);
			runOnlyForDeploymentPostprocessing = 0;
		};
/* End PBXSourcesBuildPhase section */

/* Begin PBXVariantGroup section */
		A173786D1DF6F02400A9F386 /* Main.storyboard */ = {
			isa = PBXVariantGroup;
			children = (
				A173786E1DF6F02400A9F386 /* Base */,
			);
			name = Main.storyboard;
			sourceTree = "<group>";
		};
		A17378721DF6F02400A9F386 /* LaunchScreen.storyboard */ = {
			isa = PBXVariantGroup;
			children = (
				A17378731DF6F02400A9F386 /* Base */,
			);
			name = LaunchScreen.storyboard;
			sourceTree = "<group>";
		};
/* End PBXVariantGroup section */

/* Begin XCBuildConfiguration section */
		A17378761DF6F02400A9F386 /* Debug */ = {
			isa = XCBuildConfiguration;
			buildSettings = {
				ALWAYS_SEARCH_USER_PATHS = NO;
				CLANG_ANALYZER_NONNULL = YES;
				CLANG_CXX_LANGUAGE_STANDARD = "gnu++0x";
				CLANG_CXX_LIBRARY = "libc++";
				CLANG_ENABLE_MODULES = YES;
				CLANG_ENABLE_OBJC_ARC = YES;
				CLANG_WARN_BOOL_CONVERSION = YES;
				CLANG_WARN_CONSTANT_CONVERSION = YES;
				CLANG_WARN_DIRECT_OBJC_ISA_USAGE = YES_ERROR;
				CLANG_WARN_DOCUMENTATION_COMMENTS = YES;
				CLANG_WARN_EMPTY_BODY = YES;
				CLANG_WARN_ENUM_CONVERSION = YES;
				CLANG_WARN_INFINITE_RECURSION = YES;
				CLANG_WARN_INT_CONVERSION = YES;
				CLANG_WARN_OBJC_ROOT_CLASS = YES_ERROR;
				CLANG_WARN_SUSPICIOUS_MOVE = YES;
				CLANG_WARN_SUSPICIOUS_MOVES = YES;
				CLANG_WARN_UNREACHABLE_CODE = YES;
				CLANG_WARN__DUPLICATE_METHOD_MATCH = YES;
				"CODE_SIGN_IDENTITY[sdk=iphoneos*]" = "iPhone Developer";
				COPY_PHASE_STRIP = NO;
				DEBUG_INFORMATION_FORMAT = dwarf;
				ENABLE_STRICT_OBJC_MSGSEND = YES;
				ENABLE_TESTABILITY = YES;
				GCC_C_LANGUAGE_STANDARD = gnu99;
				GCC_DYNAMIC_NO_PIC = NO;
				GCC_NO_COMMON_BLOCKS = YES;
				GCC_OPTIMIZATION_LEVEL = 0;
				GCC_PREPROCESSOR_DEFINITIONS = (
					"DEBUG=1",
					"$(inherited)",
				);
				GCC_WARN_64_TO_32_BIT_CONVERSION = YES;
				GCC_WARN_ABOUT_RETURN_TYPE = YES_ERROR;
				GCC_WARN_UNDECLARED_SELECTOR = YES;
				GCC_WARN_UNINITIALIZED_AUTOS = YES_AGGRESSIVE;
				GCC_WARN_UNUSED_FUNCTION = YES;
				GCC_WARN_UNUSED_VARIABLE = YES;
				IPHONEOS_DEPLOYMENT_TARGET = 10.2;
				MTL_ENABLE_DEBUG_INFO = YES;
				ONLY_ACTIVE_ARCH = YES;
				SDKROOT = iphoneos;
				SWIFT_ACTIVE_COMPILATION_CONDITIONS = DEBUG;
				SWIFT_OPTIMIZATION_LEVEL = "-Onone";
			};
			name = Debug;
		};
		A17378771DF6F02400A9F386 /* Release */ = {
			isa = XCBuildConfiguration;
			buildSettings = {
				ALWAYS_SEARCH_USER_PATHS = NO;
				CLANG_ANALYZER_NONNULL = YES;
				CLANG_CXX_LANGUAGE_STANDARD = "gnu++0x";
				CLANG_CXX_LIBRARY = "libc++";
				CLANG_ENABLE_MODULES = YES;
				CLANG_ENABLE_OBJC_ARC = YES;
				CLANG_WARN_BOOL_CONVERSION = YES;
				CLANG_WARN_CONSTANT_CONVERSION = YES;
				CLANG_WARN_DIRECT_OBJC_ISA_USAGE = YES_ERROR;
				CLANG_WARN_DOCUMENTATION_COMMENTS = YES;
				CLANG_WARN_EMPTY_BODY = YES;
				CLANG_WARN_ENUM_CONVERSION = YES;
				CLANG_WARN_INFINITE_RECURSION = YES;
				CLANG_WARN_INT_CONVERSION = YES;
				CLANG_WARN_OBJC_ROOT_CLASS = YES_ERROR;
				CLANG_WARN_SUSPICIOUS_MOVE = YES;
				CLANG_WARN_SUSPICIOUS_MOVES = YES;
				CLANG_WARN_UNREACHABLE_CODE = YES;
				CLANG_WARN__DUPLICATE_METHOD_MATCH = YES;
				"CODE_SIGN_IDENTITY[sdk=iphoneos*]" = "iPhone Developer";
				COPY_PHASE_STRIP = NO;
				DEBUG_INFORMATION_FORMAT = "dwarf-with-dsym";
				ENABLE_NS_ASSERTIONS = NO;
				ENABLE_STRICT_OBJC_MSGSEND = YES;
				GCC_C_LANGUAGE_STANDARD = gnu99;
				GCC_NO_COMMON_BLOCKS = YES;
				GCC_WARN_64_TO_32_BIT_CONVERSION = YES;
				GCC_WARN_ABOUT_RETURN_TYPE = YES_ERROR;
				GCC_WARN_UNDECLARED_SELECTOR = YES;
				GCC_WARN_UNINITIALIZED_AUTOS = YES_AGGRESSIVE;
				GCC_WARN_UNUSED_FUNCTION = YES;
				GCC_WARN_UNUSED_VARIABLE = YES;
				IPHONEOS_DEPLOYMENT_TARGET = 10.2;
				MTL_ENABLE_DEBUG_INFO = NO;
				SDKROOT = iphoneos;
				SWIFT_OPTIMIZATION_LEVEL = "-Owholemodule";
				VALIDATE_PRODUCT = YES;
			};
			name = Release;
		};
		A17378791DF6F02400A9F386 /* Debug */ = {
			isa = XCBuildConfiguration;
			baseConfigurationReference = 85A412F3AF4F3AA550246085 /* Pods-West2ex.debug.xcconfig */;
			buildSettings = {
				ALWAYS_EMBED_SWIFT_STANDARD_LIBRARIES = YES;
				ASSETCATALOG_COMPILER_APPICON_NAME = AppIcon;
				"CODE_SIGN_IDENTITY[sdk=iphoneos*]" = "iPhone Developer";
				DEVELOPMENT_TEAM = P32ZD8U76E;
				INFOPLIST_FILE = West2ex/Info.plist;
				LD_RUNPATH_SEARCH_PATHS = "$(inherited) @executable_path/Frameworks";
				PRODUCT_BUNDLE_IDENTIFIER = com.West2.West2ex;
				PRODUCT_NAME = "$(TARGET_NAME)";
				SWIFT_VERSION = 3.0;
			};
			name = Debug;
		};
		A173787A1DF6F02400A9F386 /* Release */ = {
			isa = XCBuildConfiguration;
			baseConfigurationReference = B0BAC0E16A64065B15B450F6 /* Pods-West2ex.release.xcconfig */;
			buildSettings = {
				ALWAYS_EMBED_SWIFT_STANDARD_LIBRARIES = YES;
				ASSETCATALOG_COMPILER_APPICON_NAME = AppIcon;
				"CODE_SIGN_IDENTITY[sdk=iphoneos*]" = "iPhone Developer";
				DEVELOPMENT_TEAM = P32ZD8U76E;
				INFOPLIST_FILE = West2ex/Info.plist;
				LD_RUNPATH_SEARCH_PATHS = "$(inherited) @executable_path/Frameworks";
				PRODUCT_BUNDLE_IDENTIFIER = com.West2.West2ex;
				PRODUCT_NAME = "$(TARGET_NAME)";
				SWIFT_VERSION = 3.0;
			};
			name = Release;
		};
/* End XCBuildConfiguration section */

/* Begin XCConfigurationList section */
		A17378611DF6F02400A9F386 /* Build configuration list for PBXProject "West2ex" */ = {
			isa = XCConfigurationList;
			buildConfigurations = (
				A17378761DF6F02400A9F386 /* Debug */,
				A17378771DF6F02400A9F386 /* Release */,
			);
			defaultConfigurationIsVisible = 0;
			defaultConfigurationName = Release;
		};
		A17378781DF6F02400A9F386 /* Build configuration list for PBXNativeTarget "West2ex" */ = {
			isa = XCConfigurationList;
			buildConfigurations = (
				A17378791DF6F02400A9F386 /* Debug */,
				A173787A1DF6F02400A9F386 /* Release */,
			);
			defaultConfigurationIsVisible = 0;
			defaultConfigurationName = Release;
		};
/* End XCConfigurationList section */
	};
	rootObject = A173785E1DF6F02400A9F386 /* Project object */;
}
